// !$*UTF8*$!
{
	archiveVersion = 1;
	classes = {
	};
	objectVersion = 50;
	objects = {

/* Begin PBXBuildFile section */
		4EDFCEB724DF303500CE4E9B /* AppDelegate.swift in Sources */ = {isa = PBXBuildFile; fileRef = 4EDFCEB624DF303500CE4E9B /* AppDelegate.swift */; };
		4EDFCEB924DF303500CE4E9B /* SceneDelegate.swift in Sources */ = {isa = PBXBuildFile; fileRef = 4EDFCEB824DF303500CE4E9B /* SceneDelegate.swift */; };
		4EDFCEBB24DF303500CE4E9B /* ViewController.swift in Sources */ = {isa = PBXBuildFile; fileRef = 4EDFCEBA24DF303500CE4E9B /* ViewController.swift */; };
		4EDFCEBE24DF303500CE4E9B /* Main.storyboard in Resources */ = {isa = PBXBuildFile; fileRef = 4EDFCEBC24DF303500CE4E9B /* Main.storyboard */; };
		4EDFCEC024DF303700CE4E9B /* Assets.xcassets in Resources */ = {isa = PBXBuildFile; fileRef = 4EDFCEBF24DF303700CE4E9B /* Assets.xcassets */; };
		4EDFCEC324DF303700CE4E9B /* LaunchScreen.storyboard in Resources */ = {isa = PBXBuildFile; fileRef = 4EDFCEC124DF303700CE4E9B /* LaunchScreen.storyboard */; };
		4EDFCECB24DF308200CE4E9B /* Song.swift in Sources */ = {isa = PBXBuildFile; fileRef = 4EDFCECA24DF308200CE4E9B /* Song.swift */; };
		4EDFCECD24DF30D400CE4E9B /* Album.swift in Sources */ = {isa = PBXBuildFile; fileRef = 4EDFCECC24DF30D400CE4E9B /* Album.swift */; };
		4EDFCECF24DF318C00CE4E9B /* Category.swift in Sources */ = {isa = PBXBuildFile; fileRef = 4EDFCECE24DF318C00CE4E9B /* Category.swift */; };
		4EDFCED324DF322100CE4E9B /* CatagoryService.swift in Sources */ = {isa = PBXBuildFile; fileRef = 4EDFCED224DF322100CE4E9B /* CatagoryService.swift */; };
		D0CAD71024E079FC00DBBCD3 /* categories.json in Resources */ = {isa = PBXBuildFile; fileRef = D0CAD70F24E079FC00DBBCD3 /* categories.json */; };
		D0CAD71224E1653C00DBBCD3 /* CategoryCell.swift in Sources */ = {isa = PBXBuildFile; fileRef = D0CAD71124E1653C00DBBCD3 /* CategoryCell.swift */; };
		D0CAD71424E1667800DBBCD3 /* AlbumCell.swift in Sources */ = {isa = PBXBuildFile; fileRef = D0CAD71324E1667800DBBCD3 /* AlbumCell.swift */; };
/* End PBXBuildFile section */

/* Begin PBXFileReference section */
		4EDFCEB324DF303500CE4E9B /* SpotifyClone.app */ = {isa = PBXFileReference; explicitFileType = wrapper.application; includeInIndex = 0; path = SpotifyClone.app; sourceTree = BUILT_PRODUCTS_DIR; };
		4EDFCEB624DF303500CE4E9B /* AppDelegate.swift */ = {isa = PBXFileReference; lastKnownFileType = sourcecode.swift; path = AppDelegate.swift; sourceTree = "<group>"; };
		4EDFCEB824DF303500CE4E9B /* SceneDelegate.swift */ = {isa = PBXFileReference; lastKnownFileType = sourcecode.swift; path = SceneDelegate.swift; sourceTree = "<group>"; };
		4EDFCEBA24DF303500CE4E9B /* ViewController.swift */ = {isa = PBXFileReference; lastKnownFileType = sourcecode.swift; path = ViewController.swift; sourceTree = "<group>"; };
		4EDFCEBD24DF303500CE4E9B /* Base */ = {isa = PBXFileReference; lastKnownFileType = file.storyboard; name = Base; path = Base.lproj/Main.storyboard; sourceTree = "<group>"; };
		4EDFCEBF24DF303700CE4E9B /* Assets.xcassets */ = {isa = PBXFileReference; lastKnownFileType = folder.assetcatalog; path = Assets.xcassets; sourceTree = "<group>"; };
		4EDFCEC224DF303700CE4E9B /* Base */ = {isa = PBXFileReference; lastKnownFileType = file.storyboard; name = Base; path = Base.lproj/LaunchScreen.storyboard; sourceTree = "<group>"; };
		4EDFCEC424DF303700CE4E9B /* Info.plist */ = {isa = PBXFileReference; lastKnownFileType = text.plist.xml; path = Info.plist; sourceTree = "<group>"; };
		4EDFCECA24DF308200CE4E9B /* Song.swift */ = {isa = PBXFileReference; lastKnownFileType = sourcecode.swift; path = Song.swift; sourceTree = "<group>"; };
		4EDFCECC24DF30D400CE4E9B /* Album.swift */ = {isa = PBXFileReference; lastKnownFileType = sourcecode.swift; path = Album.swift; sourceTree = "<group>"; };
		4EDFCECE24DF318C00CE4E9B /* Category.swift */ = {isa = PBXFileReference; lastKnownFileType = sourcecode.swift; path = Category.swift; sourceTree = "<group>"; };
		4EDFCED224DF322100CE4E9B /* CatagoryService.swift */ = {isa = PBXFileReference; lastKnownFileType = sourcecode.swift; path = CatagoryService.swift; sourceTree = "<group>"; };
		D0CAD70F24E079FC00DBBCD3 /* categories.json */ = {isa = PBXFileReference; fileEncoding = 4; lastKnownFileType = text.json; path = categories.json; sourceTree = "<group>"; };
		D0CAD71124E1653C00DBBCD3 /* CategoryCell.swift */ = {isa = PBXFileReference; lastKnownFileType = sourcecode.swift; path = CategoryCell.swift; sourceTree = "<group>"; };
		D0CAD71324E1667800DBBCD3 /* AlbumCell.swift */ = {isa = PBXFileReference; lastKnownFileType = sourcecode.swift; path = AlbumCell.swift; sourceTree = "<group>"; };
/* End PBXFileReference section */

/* Begin PBXFrameworksBuildPhase section */
		4EDFCEB024DF303500CE4E9B /* Frameworks */ = {
			isa = PBXFrameworksBuildPhase;
			buildActionMask = 2147483647;
			files = (
			);
			runOnlyForDeploymentPostprocessing = 0;
		};
/* End PBXFrameworksBuildPhase section */

/* Begin PBXGroup section */
		4EDFCEAA24DF303500CE4E9B = {
			isa = PBXGroup;
			children = (
				4EDFCEB524DF303500CE4E9B /* SpotifyClone */,
				4EDFCEB424DF303500CE4E9B /* Products */,
			);
			sourceTree = "<group>";
		};
		4EDFCEB424DF303500CE4E9B /* Products */ = {
			isa = PBXGroup;
			children = (
				4EDFCEB324DF303500CE4E9B /* SpotifyClone.app */,
			);
			name = Products;
			sourceTree = "<group>";
		};
		4EDFCEB524DF303500CE4E9B /* SpotifyClone */ = {
			isa = PBXGroup;
			children = (
				D0CAD70E24E079D300DBBCD3 /* Supporting Files */,
				4EDFCED524DF32DD00CE4E9B /* Controller */,
				4EDFCED424DF32CF00CE4E9B /* View */,
				4EDFCED024DF320200CE4E9B /* Model */,
				4EDFCEBF24DF303700CE4E9B /* Assets.xcassets */,
				4EDFCEC424DF303700CE4E9B /* Info.plist */,
			);
			path = SpotifyClone;
			sourceTree = "<group>";
		};
		4EDFCED024DF320200CE4E9B /* Model */ = {
			isa = PBXGroup;
			children = (
				4EDFCED124DF321100CE4E9B /* Service */,
				4EDFCECA24DF308200CE4E9B /* Song.swift */,
				4EDFCECC24DF30D400CE4E9B /* Album.swift */,
				4EDFCECE24DF318C00CE4E9B /* Category.swift */,
			);
			path = Model;
			sourceTree = "<group>";
		};
		4EDFCED124DF321100CE4E9B /* Service */ = {
			isa = PBXGroup;
			children = (
				4EDFCED224DF322100CE4E9B /* CatagoryService.swift */,
			);
			path = Service;
			sourceTree = "<group>";
		};
		4EDFCED424DF32CF00CE4E9B /* View */ = {
			isa = PBXGroup;
			children = (
				4EDFCEBC24DF303500CE4E9B /* Main.storyboard */,
				4EDFCEC124DF303700CE4E9B /* LaunchScreen.storyboard */,
				D0CAD71124E1653C00DBBCD3 /* CategoryCell.swift */,
				D0CAD71324E1667800DBBCD3 /* AlbumCell.swift */,
			);
			path = View;
			sourceTree = "<group>";
		};
		4EDFCED524DF32DD00CE4E9B /* Controller */ = {
			isa = PBXGroup;
			children = (
				4EDFCEBA24DF303500CE4E9B /* ViewController.swift */,
			);
			path = Controller;
			sourceTree = "<group>";
		};
		D0CAD70E24E079D300DBBCD3 /* Supporting Files */ = {
			isa = PBXGroup;
			children = (
				4EDFCEB624DF303500CE4E9B /* AppDelegate.swift */,
				4EDFCEB824DF303500CE4E9B /* SceneDelegate.swift */,
				D0CAD70F24E079FC00DBBCD3 /* categories.json */,
			);
			path = "Supporting Files";
			sourceTree = "<group>";
		};
/* End PBXGroup section */

/* Begin PBXNativeTarget section */
		4EDFCEB224DF303500CE4E9B /* SpotifyClone */ = {
			isa = PBXNativeTarget;
			buildConfigurationList = 4EDFCEC724DF303700CE4E9B /* Build configuration list for PBXNativeTarget "SpotifyClone" */;
			buildPhases = (
				4EDFCEAF24DF303500CE4E9B /* Sources */,
				4EDFCEB024DF303500CE4E9B /* Frameworks */,
				4EDFCEB124DF303500CE4E9B /* Resources */,
			);
			buildRules = (
			);
			dependencies = (
			);
			name = SpotifyClone;
			productName = SpotifyClone;
			productReference = 4EDFCEB324DF303500CE4E9B /* SpotifyClone.app */;
			productType = "com.apple.product-type.application";
		};
/* End PBXNativeTarget section */

/* Begin PBXProject section */
		4EDFCEAB24DF303500CE4E9B /* Project object */ = {
			isa = PBXProject;
			attributes = {
				LastSwiftUpdateCheck = 1150;
				LastUpgradeCheck = 1150;
				ORGANIZATIONNAME = "Michael Grant";
				TargetAttributes = {
					4EDFCEB224DF303500CE4E9B = {
						CreatedOnToolsVersion = 11.5;
					};
				};
			};
			buildConfigurationList = 4EDFCEAE24DF303500CE4E9B /* Build configuration list for PBXProject "SpotifyClone" */;
			compatibilityVersion = "Xcode 9.3";
			developmentRegion = en;
			hasScannedForEncodings = 0;
			knownRegions = (
				en,
				Base,
			);
			mainGroup = 4EDFCEAA24DF303500CE4E9B;
			productRefGroup = 4EDFCEB424DF303500CE4E9B /* Products */;
			projectDirPath = "";
			projectRoot = "";
			targets = (
				4EDFCEB224DF303500CE4E9B /* SpotifyClone */,
			);
		};
/* End PBXProject section */

/* Begin PBXResourcesBuildPhase section */
		4EDFCEB124DF303500CE4E9B /* Resources */ = {
			isa = PBXResourcesBuildPhase;
			buildActionMask = 2147483647;
			files = (
				4EDFCEC324DF303700CE4E9B /* LaunchScreen.storyboard in Resources */,
				D0CAD71024E079FC00DBBCD3 /* categories.json in Resources */,
				4EDFCEC024DF303700CE4E9B /* Assets.xcassets in Resources */,
				4EDFCEBE24DF303500CE4E9B /* Main.storyboard in Resources */,
			);
			runOnlyForDeploymentPostprocessing = 0;
		};
/* End PBXResourcesBuildPhase section */

/* Begin PBXSourcesBuildPhase section */
		4EDFCEAF24DF303500CE4E9B /* Sources */ = {
			isa = PBXSourcesBuildPhase;
			buildActionMask = 2147483647;
			files = (
				4EDFCED324DF322100CE4E9B /* CatagoryService.swift in Sources */,
				4EDFCECD24DF30D400CE4E9B /* Album.swift in Sources */,
				4EDFCECB24DF308200CE4E9B /* Song.swift in Sources */,
				D0CAD71224E1653C00DBBCD3 /* CategoryCell.swift in Sources */,
				4EDFCEBB24DF303500CE4E9B /* ViewController.swift in Sources */,
				4EDFCEB724DF303500CE4E9B /* AppDelegate.swift in Sources */,
				4EDFCEB924DF303500CE4E9B /* SceneDelegate.swift in Sources */,
				4EDFCECF24DF318C00CE4E9B /* Category.swift in Sources */,
				D0CAD71424E1667800DBBCD3 /* AlbumCell.swift in Sources */,
			);
			runOnlyForDeploymentPostprocessing = 0;
		};
/* End PBXSourcesBuildPhase section */

/* Begin PBXVariantGroup section */
		4EDFCEBC24DF303500CE4E9B /* Main.storyboard */ = {
			isa = PBXVariantGroup;
			children = (
				4EDFCEBD24DF303500CE4E9B /* Base */,
			);
			name = Main.storyboard;
			sourceTree = "<group>";
		};
		4EDFCEC124DF303700CE4E9B /* LaunchScreen.storyboard */ = {
			isa = PBXVariantGroup;
			children = (
				4EDFCEC224DF303700CE4E9B /* Base */,
			);
			name = LaunchScreen.storyboard;
			sourceTree = "<group>";
		};
/* End PBXVariantGroup section */

/* Begin XCBuildConfiguration section */
		4EDFCEC524DF303700CE4E9B /* Debug */ = {
			isa = XCBuildConfiguration;
			buildSettings = {
				ALWAYS_SEARCH_USER_PATHS = NO;
				CLANG_ANALYZER_NONNULL = YES;
				CLANG_ANALYZER_NUMBER_OBJECT_CONVERSION = YES_AGGRESSIVE;
				CLANG_CXX_LANGUAGE_STANDARD = "gnu++14";
				CLANG_CXX_LIBRARY = "libc++";
				CLANG_ENABLE_MODULES = YES;
				CLANG_ENABLE_OBJC_ARC = YES;
				CLANG_ENABLE_OBJC_WEAK = YES;
				CLANG_WARN_BLOCK_CAPTURE_AUTORELEASING = YES;
				CLANG_WARN_BOOL_CONVERSION = YES;
				CLANG_WARN_COMMA = YES;
				CLANG_WARN_CONSTANT_CONVERSION = YES;
				CLANG_WARN_DEPRECATED_OBJC_IMPLEMENTATIONS = YES;
				CLANG_WARN_DIRECT_OBJC_ISA_USAGE = YES_ERROR;
				CLANG_WARN_DOCUMENTATION_COMMENTS = YES;
				CLANG_WARN_EMPTY_BODY = YES;
				CLANG_WARN_ENUM_CONVERSION = YES;
				CLANG_WARN_INFINITE_RECURSION = YES;
				CLANG_WARN_INT_CONVERSION = YES;
				CLANG_WARN_NON_LITERAL_NULL_CONVERSION = YES;
				CLANG_WARN_OBJC_IMPLICIT_RETAIN_SELF = YES;
				CLANG_WARN_OBJC_LITERAL_CONVERSION = YES;
				CLANG_WARN_OBJC_ROOT_CLASS = YES_ERROR;
				CLANG_WARN_RANGE_LOOP_ANALYSIS = YES;
				CLANG_WARN_STRICT_PROTOTYPES = YES;
				CLANG_WARN_SUSPICIOUS_MOVE = YES;
				CLANG_WARN_UNGUARDED_AVAILABILITY = YES_AGGRESSIVE;
				CLANG_WARN_UNREACHABLE_CODE = YES;
				CLANG_WARN__DUPLICATE_METHOD_MATCH = YES;
				COPY_PHASE_STRIP = NO;
				DEBUG_INFORMATION_FORMAT = dwarf;
				ENABLE_STRICT_OBJC_MSGSEND = YES;
				ENABLE_TESTABILITY = YES;
				GCC_C_LANGUAGE_STANDARD = gnu11;
				GCC_DYNAMIC_NO_PIC = NO;
				GCC_NO_COMMON_BLOCKS = YES;
				GCC_OPTIMIZATION_LEVEL = 0;
				GCC_PREPROCESSOR_DEFINITIONS = (
					"DEBUG=1",
					"$(inherited)",
				);
				GCC_WARN_64_TO_32_BIT_CONVERSION = YES;
				GCC_WARN_ABOUT_RETURN_TYPE = YES_ERROR;
				GCC_WARN_UNDECLARED_SELECTOR = YES;
				GCC_WARN_UNINITIALIZED_AUTOS = YES_AGGRESSIVE;
				GCC_WARN_UNUSED_FUNCTION = YES;
				GCC_WARN_UNUSED_VARIABLE = YES;
				IPHONEOS_DEPLOYMENT_TARGET = 13.5;
				MTL_ENABLE_DEBUG_INFO = INCLUDE_SOURCE;
				MTL_FAST_MATH = YES;
				ONLY_ACTIVE_ARCH = YES;
				SDKROOT = iphoneos;
				SWIFT_ACTIVE_COMPILATION_CONDITIONS = DEBUG;
				SWIFT_OPTIMIZATION_LEVEL = "-Onone";
			};
			name = Debug;
		};
		4EDFCEC624DF303700CE4E9B /* Release */ = {
			isa = XCBuildConfiguration;
			buildSettings = {
				ALWAYS_SEARCH_USER_PATHS = NO;
				CLANG_ANALYZER_NONNULL = YES;
				CLANG_ANALYZER_NUMBER_OBJECT_CONVERSION = YES_AGGRESSIVE;
				CLANG_CXX_LANGUAGE_STANDARD = "gnu++14";
				CLANG_CXX_LIBRARY = "libc++";
				CLANG_ENABLE_MODULES = YES;
				CLANG_ENABLE_OBJC_ARC = YES;
				CLANG_ENABLE_OBJC_WEAK = YES;
				CLANG_WARN_BLOCK_CAPTURE_AUTORELEASING = YES;
				CLANG_WARN_BOOL_CONVERSION = YES;
				CLANG_WARN_COMMA = YES;
				CLANG_WARN_CONSTANT_CONVERSION = YES;
				CLANG_WARN_DEPRECATED_OBJC_IMPLEMENTATIONS = YES;
				CLANG_WARN_DIRECT_OBJC_ISA_USAGE = YES_ERROR;
				CLANG_WARN_DOCUMENTATION_COMMENTS = YES;
				CLANG_WARN_EMPTY_BODY = YES;
				CLANG_WARN_ENUM_CONVERSION = YES;
				CLANG_WARN_INFINITE_RECURSION = YES;
				CLANG_WARN_INT_CONVERSION = YES;
				CLANG_WARN_NON_LITERAL_NULL_CONVERSION = YES;
				CLANG_WARN_OBJC_IMPLICIT_RETAIN_SELF = YES;
				CLANG_WARN_OBJC_LITERAL_CONVERSION = YES;
				CLANG_WARN_OBJC_ROOT_CLASS = YES_ERROR;
				CLANG_WARN_RANGE_LOOP_ANALYSIS = YES;
				CLANG_WARN_STRICT_PROTOTYPES = YES;
				CLANG_WARN_SUSPICIOUS_MOVE = YES;
				CLANG_WARN_UNGUARDED_AVAILABILITY = YES_AGGRESSIVE;
				CLANG_WARN_UNREACHABLE_CODE = YES;
				CLANG_WARN__DUPLICATE_METHOD_MATCH = YES;
				COPY_PHASE_STRIP = NO;
				DEBUG_INFORMATION_FORMAT = "dwarf-with-dsym";
				ENABLE_NS_ASSERTIONS = NO;
				ENABLE_STRICT_OBJC_MSGSEND = YES;
				GCC_C_LANGUAGE_STANDARD = gnu11;
				GCC_NO_COMMON_BLOCKS = YES;
				GCC_WARN_64_TO_32_BIT_CONVERSION = YES;
				GCC_WARN_ABOUT_RETURN_TYPE = YES_ERROR;
				GCC_WARN_UNDECLARED_SELECTOR = YES;
				GCC_WARN_UNINITIALIZED_AUTOS = YES_AGGRESSIVE;
				GCC_WARN_UNUSED_FUNCTION = YES;
				GCC_WARN_UNUSED_VARIABLE = YES;
				IPHONEOS_DEPLOYMENT_TARGET = 13.5;
				MTL_ENABLE_DEBUG_INFO = NO;
				MTL_FAST_MATH = YES;
				SDKROOT = iphoneos;
				SWIFT_COMPILATION_MODE = wholemodule;
				SWIFT_OPTIMIZATION_LEVEL = "-O";
				VALIDATE_PRODUCT = YES;
			};
			name = Release;
		};
		4EDFCEC824DF303700CE4E9B /* Debug */ = {
			isa = XCBuildConfiguration;
			buildSettings = {
				ASSETCATALOG_COMPILER_APPICON_NAME = AppIcon;
				CODE_SIGN_STYLE = Automatic;
				DEVELOPMENT_TEAM = 6XC73DDQ2K;
				INFOPLIST_FILE = SpotifyClone/Info.plist;
				LD_RUNPATH_SEARCH_PATHS = (
					"$(inherited)",
					"@executable_path/Frameworks",
				);
				PRODUCT_BUNDLE_IDENTIFIER = com.keepitfreshios.SpotifyClone;
				PRODUCT_NAME = "$(TARGET_NAME)";
				SWIFT_VERSION = 5.0;
				TARGETED_DEVICE_FAMILY = "1,2";
			};
			name = Debug;
		};
		4EDFCEC924DF303700CE4E9B /* Release */ = {
			isa = XCBuildConfiguration;
			buildSettings = {
				ASSETCATALOG_COMPILER_APPICON_NAME = AppIcon;
				CODE_SIGN_STYLE = Automatic;
				DEVELOPMENT_TEAM = 6XC73DDQ2K;
				INFOPLIST_FILE = SpotifyClone/Info.plist;
				LD_RUNPATH_SEARCH_PATHS = (
					"$(inherited)",
					"@executable_path/Frameworks",
				);
				PRODUCT_BUNDLE_IDENTIFIER = com.keepitfreshios.SpotifyClone;
				PRODUCT_NAME = "$(TARGET_NAME)";
				SWIFT_VERSION = 5.0;
				TARGETED_DEVICE_FAMILY = "1,2";
			};
			name = Release;
		};
/* End XCBuildConfiguration section */

/* Begin XCConfigurationList section */
		4EDFCEAE24DF303500CE4E9B /* Build configuration list for PBXProject "SpotifyClone" */ = {
			isa = XCConfigurationList;
			buildConfigurations = (
				4EDFCEC524DF303700CE4E9B /* Debug */,
				4EDFCEC624DF303700CE4E9B /* Release */,
			);
			defaultConfigurationIsVisible = 0;
			defaultConfigurationName = Release;
		};
		4EDFCEC724DF303700CE4E9B /* Build configuration list for PBXNativeTarget "SpotifyClone" */ = {
			isa = XCConfigurationList;
			buildConfigurations = (
				4EDFCEC824DF303700CE4E9B /* Debug */,
				4EDFCEC924DF303700CE4E9B /* Release */,
			);
			defaultConfigurationIsVisible = 0;
			defaultConfigurationName = Release;
		};
/* End XCConfigurationList section */
	};
	rootObject = 4EDFCEAB24DF303500CE4E9B /* Project object */;
}
